
Microsoft Visual Studio Solution File, Format Version 12.00
# Visual Studio Version 17
VisualStudioVersion = 17.11.35312.102
MinimumVisualStudioVersion = 10.0.40219.1
Project("{FAE04EC0-301F-11D3-BF4B-00C04F79EFBC}") = "EndpointsHW 16.03", "EndpointsHW 16.03.csproj", "{5BC19E54-11F2-48E2-81F4-7320033711AD}"
EndProject
Global
	GlobalSection(SolutionConfigurationPlatforms) = preSolution
		Debug|Any CPU = Debug|Any CPU
		Release|Any CPU = Release|Any CPU
	EndGlobalSection
	GlobalSection(ProjectConfigurationPlatforms) = postSolution
		{5BC19E54-11F2-48E2-81F4-7320033711AD}.Debug|Any CPU.ActiveCfg = Debug|Any CPU
		{5BC19E54-11F2-48E2-81F4-7320033711AD}.Debug|Any CPU.Build.0 = Debug|Any CPU
		{5BC19E54-11F2-48E2-81F4-7320033711AD}.Release|Any CPU.ActiveCfg = Release|Any CPU
		{5BC19E54-11F2-48E2-81F4-7320033711AD}.Release|Any CPU.Build.0 = Release|Any CPU
	EndGlobalSection
	GlobalSection(SolutionProperties) = preSolution
		HideSolutionNode = FALSE
	EndGlobalSection
	GlobalSection(ExtensibilityGlobals) = postSolution
		SolutionGuid = {81A96AF3-C6CF-4FE9-89AF-5DEE6E6E6156}
	EndGlobalSection
EndGlobal
